
Microsoft Visual Studio Solution File, Format Version 12.00
# Visual Studio 15
VisualStudioVersion = 15.0.27130.2036
MinimumVisualStudioVersion = 10.0.40219.1
Project("{FAE04EC0-301F-11D3-BF4B-00C04F79EFBC}") = "RvtToTopoJson", "RvtToTopoJson\RvtToTopoJson.csproj", "{32130E5C-5707-431F-BF4D-8BE464625C52}"
EndProject
Global
	GlobalSection(SolutionConfigurationPlatforms) = preSolution
		Debug|Any CPU = Debug|Any CPU
		Release|Any CPU = Release|Any CPU
	EndGlobalSection
	GlobalSection(ProjectConfigurationPlatforms) = postSolution
		{32130E5C-5707-431F-BF4D-8BE464625C52}.Debug|Any CPU.ActiveCfg = Debug|Any CPU
		{32130E5C-5707-431F-BF4D-8BE464625C52}.Debug|Any CPU.Build.0 = Debug|Any CPU
		{32130E5C-5707-431F-BF4D-8BE464625C52}.Release|Any CPU.ActiveCfg = Release|Any CPU
		{32130E5C-5707-431F-BF4D-8BE464625C52}.Release|Any CPU.Build.0 = Release|Any CPU
	EndGlobalSection
	GlobalSection(SolutionProperties) = preSolution
		HideSolutionNode = FALSE
	EndGlobalSection
	GlobalSection(ExtensibilityGlobals) = postSolution
		SolutionGuid = {57B2D2C6-A177-4CE7-8223-DE95F9104E33}
	EndGlobalSection
EndGlobal
